
Microsoft Visual Studio Solution File, Format Version 12.00
# Visual Studio Version 16
VisualStudioVersion = 16.0.29709.97
MinimumVisualStudioVersion = 10.0.40219.1
Project("{FAE04EC0-301F-11D3-BF4B-00C04F79EFBC}") = "ResApplication", "ResApplication\ResApplication.csproj", "{3C3F9CB7-4443-4558-82B6-F49E6CD378FD}"
EndProject
Global
	GlobalSection(SolutionConfigurationPlatforms) = preSolution
		Debug|Any CPU = Debug|Any CPU
		Release|Any CPU = Release|Any CPU
	EndGlobalSection
	GlobalSection(ProjectConfigurationPlatforms) = postSolution
		{3C3F9CB7-4443-4558-82B6-F49E6CD378FD}.Debug|Any CPU.ActiveCfg = Debug|Any CPU
		{3C3F9CB7-4443-4558-82B6-F49E6CD378FD}.Debug|Any CPU.Build.0 = Debug|Any CPU
		{3C3F9CB7-4443-4558-82B6-F49E6CD378FD}.Release|Any CPU.ActiveCfg = Release|Any CPU
		{3C3F9CB7-4443-4558-82B6-F49E6CD378FD}.Release|Any CPU.Build.0 = Release|Any CPU
	EndGlobalSection
	GlobalSection(SolutionProperties) = preSolution
		HideSolutionNode = FALSE
	EndGlobalSection
	GlobalSection(ExtensibilityGlobals) = postSolution
		SolutionGuid = {A4358B1A-1B37-4A36-9CA4-9514473A87D9}
	EndGlobalSection
EndGlobal
